
Microsoft Visual Studio Solution File, Format Version 12.00
# Visual Studio 2015
Project("{FAE04EC0-301F-11D3-BF4B-00C04F79EFBC}") = "Roll a Ball.CSharp.Plugins", "Roll a Ball.CSharp.Plugins.csproj", "{AD4CFDC6-13B6-9064-2759-88A210509880}"
EndProject
Project("{FAE04EC0-301F-11D3-BF4B-00C04F79EFBC}") = "Roll a Ball.CSharp", "Roll a Ball.CSharp.csproj", "{4740D436-ADF3-0D16-849A-A4148675E84F}"
EndProject
Project("{FAE04EC0-301F-11D3-BF4B-00C04F79EFBC}") = "Roll a Ball.CSharp.Editor", "Roll a Ball.CSharp.Editor.csproj", "{6F37F724-7B11-4560-43FC-0AAED05B259E}"
EndProject
Global
	GlobalSection(SolutionConfigurationPlatforms) = preSolution
		Debug|Any CPU = Debug|Any CPU
		Release|Any CPU = Release|Any CPU
	EndGlobalSection
	GlobalSection(ProjectConfigurationPlatforms) = postSolution
		{AD4CFDC6-13B6-9064-2759-88A210509880}.Debug|Any CPU.ActiveCfg = Debug|Any CPU
		{AD4CFDC6-13B6-9064-2759-88A210509880}.Debug|Any CPU.Build.0 = Debug|Any CPU
		{AD4CFDC6-13B6-9064-2759-88A210509880}.Release|Any CPU.ActiveCfg = Release|Any CPU
		{AD4CFDC6-13B6-9064-2759-88A210509880}.Release|Any CPU.Build.0 = Release|Any CPU
		{4740D436-ADF3-0D16-849A-A4148675E84F}.Debug|Any CPU.ActiveCfg = Debug|Any CPU
		{4740D436-ADF3-0D16-849A-A4148675E84F}.Debug|Any CPU.Build.0 = Debug|Any CPU
		{4740D436-ADF3-0D16-849A-A4148675E84F}.Release|Any CPU.ActiveCfg = Release|Any CPU
		{4740D436-ADF3-0D16-849A-A4148675E84F}.Release|Any CPU.Build.0 = Release|Any CPU
		{6F37F724-7B11-4560-43FC-0AAED05B259E}.Debug|Any CPU.ActiveCfg = Debug|Any CPU
		{6F37F724-7B11-4560-43FC-0AAED05B259E}.Debug|Any CPU.Build.0 = Debug|Any CPU
		{6F37F724-7B11-4560-43FC-0AAED05B259E}.Release|Any CPU.ActiveCfg = Release|Any CPU
		{6F37F724-7B11-4560-43FC-0AAED05B259E}.Release|Any CPU.Build.0 = Release|Any CPU
	EndGlobalSection
	GlobalSection(SolutionProperties) = preSolution
		HideSolutionNode = FALSE
	EndGlobalSection
EndGlobal
